
Microsoft Visual Studio Solution File, Format Version 12.00
# Visual Studio Version 17
VisualStudioVersion = 17.11.35312.102
MinimumVisualStudioVersion = 10.0.40219.1
Project("{FAE04EC0-301F-11D3-BF4B-00C04F79EFBC}") = "Jvu.TestAutomation.Web.Framework", "E2E.TestAutomation.Web.Framework\Jvu.TestAutomation.Web.Framework.csproj", "{4631BDD4-33BD-4CB9-BA7C-4804486D598E}"
EndProject
Project("{FAE04EC0-301F-11D3-BF4B-00C04F79EFBC}") = "Jvu.TestAutomation.Web.Tests", "E2E.TestAutomation.Web.Tests\Jvu.TestAutomation.Web.Tests.csproj", "{BAB6FEED-93C6-4FFB-B3AF-57B2BE188274}"
EndProject
Global
	GlobalSection(SolutionConfigurationPlatforms) = preSolution
		Debug|Any CPU = Debug|Any CPU
		Release|Any CPU = Release|Any CPU
	EndGlobalSection
	GlobalSection(ProjectConfigurationPlatforms) = postSolution
		{4631BDD4-33BD-4CB9-BA7C-4804486D598E}.Debug|Any CPU.ActiveCfg = Debug|Any CPU
		{4631BDD4-33BD-4CB9-BA7C-4804486D598E}.Debug|Any CPU.Build.0 = Debug|Any CPU
		{4631BDD4-33BD-4CB9-BA7C-4804486D598E}.Release|Any CPU.ActiveCfg = Release|Any CPU
		{4631BDD4-33BD-4CB9-BA7C-4804486D598E}.Release|Any CPU.Build.0 = Release|Any CPU
		{BAB6FEED-93C6-4FFB-B3AF-57B2BE188274}.Debug|Any CPU.ActiveCfg = Debug|Any CPU
		{BAB6FEED-93C6-4FFB-B3AF-57B2BE188274}.Debug|Any CPU.Build.0 = Debug|Any CPU
		{BAB6FEED-93C6-4FFB-B3AF-57B2BE188274}.Release|Any CPU.ActiveCfg = Release|Any CPU
		{BAB6FEED-93C6-4FFB-B3AF-57B2BE188274}.Release|Any CPU.Build.0 = Release|Any CPU
	EndGlobalSection
	GlobalSection(SolutionProperties) = preSolution
		HideSolutionNode = FALSE
	EndGlobalSection
	GlobalSection(ExtensibilityGlobals) = postSolution
		SolutionGuid = {88EC5E9F-3755-4E6F-8625-5A977EF35CEF}
	EndGlobalSection
EndGlobal
